// !$*UTF8*$!
{
	archiveVersion = 1;
	classes = {
	};
	objectVersion = 46;
	objects = {

/* Begin PBXBuildFile section */
		0509C5381A611DE6004F43AA /* CNColorTable.h in Headers */ = {isa = PBXBuildFile; fileRef = 0509C5361A611DE6004F43AA /* CNColorTable.h */; settings = {ATTRIBUTES = (Public, ); }; };
		0509C5391A611DE6004F43AA /* CNColorTable.m in Sources */ = {isa = PBXBuildFile; fileRef = 0509C5371A611DE6004F43AA /* CNColorTable.m */; };
		050A67371A60ABFE00752081 /* CNDebugUtil.h in Headers */ = {isa = PBXBuildFile; fileRef = 050A67351A60ABFE00752081 /* CNDebugUtil.h */; settings = {ATTRIBUTES = (Public, ); }; };
		050A67381A60ABFE00752081 /* CNDebugUtil.m in Sources */ = {isa = PBXBuildFile; fileRef = 050A67361A60ABFE00752081 /* CNDebugUtil.m */; };
		050A673B1A60C6AA00752081 /* CNGraphicsUtil.h in Headers */ = {isa = PBXBuildFile; fileRef = 050A67391A60C6AA00752081 /* CNGraphicsUtil.h */; settings = {ATTRIBUTES = (Public, ); }; };
		050A673C1A60C6AA00752081 /* CNGraphicsUtil.m in Sources */ = {isa = PBXBuildFile; fileRef = 050A673A1A60C6AA00752081 /* CNGraphicsUtil.m */; };
		0534EFA61A9B8A88007BC669 /* CNGraphicsMacro.h in Headers */ = {isa = PBXBuildFile; fileRef = 0534EFA51A9B8A88007BC669 /* CNGraphicsMacro.h */; settings = {ATTRIBUTES = (Public, ); }; };
		054D36CE1A5D8A33001DC6FB /* CoconutGraphics.h in Headers */ = {isa = PBXBuildFile; fileRef = 054D36CD1A5D8A33001DC6FB /* CoconutGraphics.h */; settings = {ATTRIBUTES = (Public, ); }; };
		055A571F1A5EC5310033A65D /* UnitTest.m in Sources */ = {isa = PBXBuildFile; fileRef = 055A571E1A5EC5310033A65D /* UnitTest.m */; };
		055A57221A5EC95E0033A65D /* UTColorIndexTable.m in Sources */ = {isa = PBXBuildFile; fileRef = 055A57211A5EC95E0033A65D /* UTColorIndexTable.m */; };
		055A572A1A5EC9EC0033A65D /* CoconutGraphics.framework in Frameworks */ = {isa = PBXBuildFile; fileRef = 055A57291A5EC9EC0033A65D /* CoconutGraphics.framework */; };
		055A57391A5EDC150033A65D /* UTBitmap.m in Sources */ = {isa = PBXBuildFile; fileRef = 055A57381A5EDC150033A65D /* UTBitmap.m */; };
		05702F421A9CBBEE006D47CF /* CNCircle.h in Headers */ = {isa = PBXBuildFile; fileRef = 05702F411A9CBBEE006D47CF /* CNCircle.h */; settings = {ATTRIBUTES = (Public, ); }; };
		058658061AB1DC9A002400E8 /* CNHexagon.h in Headers */ = {isa = PBXBuildFile; fileRef = 058658041AB1DC9A002400E8 /* CNHexagon.h */; settings = {ATTRIBUTES = (Public, ); }; };
		058658071AB1DC9A002400E8 /* CNHexagon.m in Sources */ = {isa = PBXBuildFile; fileRef = 058658051AB1DC9A002400E8 /* CNHexagon.m */; };
		058DA02F1A5D8B8F00DBA13B /* CNBitmap.h in Headers */ = {isa = PBXBuildFile; fileRef = 058DA02D1A5D8B8F00DBA13B /* CNBitmap.h */; settings = {ATTRIBUTES = (Public, ); }; };
		058DA0301A5D8B8F00DBA13B /* CNBitmap.m in Sources */ = {isa = PBXBuildFile; fileRef = 058DA02E1A5D8B8F00DBA13B /* CNBitmap.m */; };
		058DA0321A5D8C9B00DBA13B /* CNGraphicsType.h in Headers */ = {isa = PBXBuildFile; fileRef = 058DA0311A5D8C9B00DBA13B /* CNGraphicsType.h */; settings = {ATTRIBUTES = (Public, ); }; };
		058DA0351A5D8DAB00DBA13B /* CNColorIndexTable.h in Headers */ = {isa = PBXBuildFile; fileRef = 058DA0331A5D8DAB00DBA13B /* CNColorIndexTable.h */; settings = {ATTRIBUTES = (Public, ); }; };
		058DA0361A5D8DAB00DBA13B /* CNColorIndexTable.m in Sources */ = {isa = PBXBuildFile; fileRef = 058DA0341A5D8DAB00DBA13B /* CNColorIndexTable.m */; };
		05A2BA851AB3B7C200E2D0B3 /* CNLineGradient.h in Headers */ = {isa = PBXBuildFile; fileRef = 05A2BA831AB3B7C200E2D0B3 /* CNLineGradient.h */; settings = {ATTRIBUTES = (Public, ); }; };
		05A2BA861AB3B7C200E2D0B3 /* CNLineGradient.m in Sources */ = {isa = PBXBuildFile; fileRef = 05A2BA841AB3B7C200E2D0B3 /* CNLineGradient.m */; };
		05EC8E751AA4C8A1001B86C7 /* CNColorUtil.h in Headers */ = {isa = PBXBuildFile; fileRef = 05EC8E731AA4C8A1001B86C7 /* CNColorUtil.h */; settings = {ATTRIBUTES = (Public, ); }; };
		05EC8E761AA4C8A1001B86C7 /* CNColorUtil.m in Sources */ = {isa = PBXBuildFile; fileRef = 05EC8E741AA4C8A1001B86C7 /* CNColorUtil.m */; };
		05EFE03F1A9E2F1F0023513C /* CNGraphicsFunc.h in Headers */ = {isa = PBXBuildFile; fileRef = 05EFE03E1A9E2F1F0023513C /* CNGraphicsFunc.h */; settings = {ATTRIBUTES = (Public, ); }; };
/* End PBXBuildFile section */

/* Begin PBXContainerItemProxy section */
		0519E7241A5EC46C003C398F /* PBXContainerItemProxy */ = {
			isa = PBXContainerItemProxy;
			containerPortal = 054D36BF1A5D8A33001DC6FB /* Project object */;
			proxyType = 1;
			remoteGlobalIDString = 056ABD021A5EBE8E005E9C25;
			remoteInfo = Install;
		};
		055A572F1A5ECEC60033A65D /* PBXContainerItemProxy */ = {
			isa = PBXContainerItemProxy;
			containerPortal = 054D36BF1A5D8A33001DC6FB /* Project object */;
			proxyType = 1;
			remoteGlobalIDString = 0519E71C1A5EC462003C398F;
			remoteInfo = UnitTest;
		};
		056ABD061A5EBE9B005E9C25 /* PBXContainerItemProxy */ = {
			isa = PBXContainerItemProxy;
			containerPortal = 054D36BF1A5D8A33001DC6FB /* Project object */;
			proxyType = 1;
			remoteGlobalIDString = 054D36C71A5D8A33001DC6FB;
			remoteInfo = CoconutGraphics;
		};
/* End PBXContainerItemProxy section */

/* Begin PBXCopyFilesBuildPhase section */
		0519E71B1A5EC462003C398F /* CopyFiles */ = {
			isa = PBXCopyFilesBuildPhase;
			buildActionMask = 2147483647;
			dstPath = /usr/share/man/man1/;
			dstSubfolderSpec = 0;
			files = (
			);
			runOnlyForDeploymentPostprocessing = 1;
		};
/* End PBXCopyFilesBuildPhase section */

/* Begin PBXFileReference section */
		0509C5361A611DE6004F43AA /* CNColorTable.h */ = {isa = PBXFileReference; fileEncoding = 4; lastKnownFileType = sourcecode.c.h; path = CNColorTable.h; sourceTree = "<group>"; };
		0509C5371A611DE6004F43AA /* CNColorTable.m */ = {isa = PBXFileReference; fileEncoding = 4; lastKnownFileType = sourcecode.c.objc; path = CNColorTable.m; sourceTree = "<group>"; };
		050A67351A60ABFE00752081 /* CNDebugUtil.h */ = {isa = PBXFileReference; fileEncoding = 4; lastKnownFileType = sourcecode.c.h; path = CNDebugUtil.h; sourceTree = "<group>"; };
		050A67361A60ABFE00752081 /* CNDebugUtil.m */ = {isa = PBXFileReference; fileEncoding = 4; lastKnownFileType = sourcecode.c.objc; path = CNDebugUtil.m; sourceTree = "<group>"; };
		050A67391A60C6AA00752081 /* CNGraphicsUtil.h */ = {isa = PBXFileReference; fileEncoding = 4; lastKnownFileType = sourcecode.c.h; path = CNGraphicsUtil.h; sourceTree = "<group>"; };
		050A673A1A60C6AA00752081 /* CNGraphicsUtil.m */ = {isa = PBXFileReference; fileEncoding = 4; lastKnownFileType = sourcecode.c.objc; path = CNGraphicsUtil.m; sourceTree = "<group>"; };
		0519E71D1A5EC462003C398F /* UnitTest */ = {isa = PBXFileReference; explicitFileType = "compiled.mach-o.executable"; includeInIndex = 0; path = UnitTest; sourceTree = BUILT_PRODUCTS_DIR; };
		0534EFA51A9B8A88007BC669 /* CNGraphicsMacro.h */ = {isa = PBXFileReference; fileEncoding = 4; lastKnownFileType = sourcecode.c.h; path = CNGraphicsMacro.h; sourceTree = "<group>"; };
		054D36C81A5D8A33001DC6FB /* CoconutGraphics.framework */ = {isa = PBXFileReference; explicitFileType = wrapper.framework; includeInIndex = 0; path = CoconutGraphics.framework; sourceTree = BUILT_PRODUCTS_DIR; };
		054D36CC1A5D8A33001DC6FB /* Info.plist */ = {isa = PBXFileReference; lastKnownFileType = text.plist.xml; path = Info.plist; sourceTree = SOURCE_ROOT; };
		054D36CD1A5D8A33001DC6FB /* CoconutGraphics.h */ = {isa = PBXFileReference; lastKnownFileType = sourcecode.c.h; path = CoconutGraphics.h; sourceTree = "<group>"; };
		055A571E1A5EC5310033A65D /* UnitTest.m */ = {isa = PBXFileReference; fileEncoding = 4; lastKnownFileType = sourcecode.c.objc; name = UnitTest.m; path = ../UnitTest/UnitTest.m; sourceTree = SOURCE_ROOT; };
		055A57201A5EC5870033A65D /* UnitTest.h */ = {isa = PBXFileReference; fileEncoding = 4; lastKnownFileType = sourcecode.c.h; name = UnitTest.h; path = ../UnitTest/UnitTest.h; sourceTree = SOURCE_ROOT; };
		055A57211A5EC95E0033A65D /* UTColorIndexTable.m */ = {isa = PBXFileReference; fileEncoding = 4; lastKnownFileType = sourcecode.c.objc; name = UTColorIndexTable.m; path = ../UnitTest/UTColorIndexTable.m; sourceTree = SOURCE_ROOT; };
		055A57291A5EC9EC0033A65D /* CoconutGraphics.framework */ = {isa = PBXFileReference; lastKnownFileType = wrapper.framework; name = CoconutGraphics.framework; path = ../../../Library/Frameworks/CoconutGraphics.framework; sourceTree = "<group>"; };
		055A57381A5EDC150033A65D /* UTBitmap.m */ = {isa = PBXFileReference; fileEncoding = 4; lastKnownFileType = sourcecode.c.objc; path = UTBitmap.m; sourceTree = "<group>"; };
		056ABD081A5EBECB005E9C25 /* install.mk */ = {isa = PBXFileReference; fileEncoding = 4; lastKnownFileType = text; path = install.mk; sourceTree = "<group>"; };
		05702F411A9CBBEE006D47CF /* CNCircle.h */ = {isa = PBXFileReference; fileEncoding = 4; lastKnownFileType = sourcecode.c.h; path = CNCircle.h; sourceTree = "<group>"; };
		058658041AB1DC9A002400E8 /* CNHexagon.h */ = {isa = PBXFileReference; fileEncoding = 4; lastKnownFileType = sourcecode.c.h; path = CNHexagon.h; sourceTree = "<group>"; };
		058658051AB1DC9A002400E8 /* CNHexagon.m */ = {isa = PBXFileReference; fileEncoding = 4; lastKnownFileType = sourcecode.c.objc; path = CNHexagon.m; sourceTree = "<group>"; };
		058DA02D1A5D8B8F00DBA13B /* CNBitmap.h */ = {isa = PBXFileReference; fileEncoding = 4; lastKnownFileType = sourcecode.c.h; path = CNBitmap.h; sourceTree = "<group>"; };
		058DA02E1A5D8B8F00DBA13B /* CNBitmap.m */ = {isa = PBXFileReference; fileEncoding = 4; lastKnownFileType = sourcecode.c.objc; path = CNBitmap.m; sourceTree = "<group>"; };
		058DA0311A5D8C9B00DBA13B /* CNGraphicsType.h */ = {isa = PBXFileReference; fileEncoding = 4; lastKnownFileType = sourcecode.c.h; path = CNGraphicsType.h; sourceTree = "<group>"; };
		058DA0331A5D8DAB00DBA13B /* CNColorIndexTable.h */ = {isa = PBXFileReference; fileEncoding = 4; lastKnownFileType = sourcecode.c.h; path = CNColorIndexTable.h; sourceTree = "<group>"; };
		058DA0341A5D8DAB00DBA13B /* CNColorIndexTable.m */ = {isa = PBXFileReference; fileEncoding = 4; lastKnownFileType = sourcecode.c.objc; path = CNColorIndexTable.m; sourceTree = "<group>"; };
		05A2BA831AB3B7C200E2D0B3 /* CNLineGradient.h */ = {isa = PBXFileReference; fileEncoding = 4; lastKnownFileType = sourcecode.c.h; path = CNLineGradient.h; sourceTree = "<group>"; };
		05A2BA841AB3B7C200E2D0B3 /* CNLineGradient.m */ = {isa = PBXFileReference; fileEncoding = 4; lastKnownFileType = sourcecode.c.objc; path = CNLineGradient.m; sourceTree = "<group>"; };
		05EC8E731AA4C8A1001B86C7 /* CNColorUtil.h */ = {isa = PBXFileReference; fileEncoding = 4; lastKnownFileType = sourcecode.c.h; path = CNColorUtil.h; sourceTree = "<group>"; };
		05EC8E741AA4C8A1001B86C7 /* CNColorUtil.m */ = {isa = PBXFileReference; fileEncoding = 4; lastKnownFileType = sourcecode.c.objc; path = CNColorUtil.m; sourceTree = "<group>"; };
		05EFE03E1A9E2F1F0023513C /* CNGraphicsFunc.h */ = {isa = PBXFileReference; fileEncoding = 4; lastKnownFileType = sourcecode.c.h; path = CNGraphicsFunc.h; sourceTree = "<group>"; };
/* End PBXFileReference section */

/* Begin PBXFrameworksBuildPhase section */
		0519E71A1A5EC462003C398F /* Frameworks */ = {
			isa = PBXFrameworksBuildPhase;
			buildActionMask = 2147483647;
			files = (
				055A572A1A5EC9EC0033A65D /* CoconutGraphics.framework in Frameworks */,
			);
			runOnlyForDeploymentPostprocessing = 0;
		};
		054D36C41A5D8A33001DC6FB /* Frameworks */ = {
			isa = PBXFrameworksBuildPhase;
			buildActionMask = 2147483647;
			files = (
			);
			runOnlyForDeploymentPostprocessing = 0;
		};
/* End PBXFrameworksBuildPhase section */

/* Begin PBXGroup section */
		0519E71E1A5EC462003C398F /* UnitTest */ = {
			isa = PBXGroup;
			children = (
				055A57291A5EC9EC0033A65D /* CoconutGraphics.framework */,
				055A57201A5EC5870033A65D /* UnitTest.h */,
				055A571E1A5EC5310033A65D /* UnitTest.m */,
				055A57211A5EC95E0033A65D /* UTColorIndexTable.m */,
				055A57381A5EDC150033A65D /* UTBitmap.m */,
			);
			name = UnitTest;
			path = ../UnitTest;
			sourceTree = SOURCE_ROOT;
		};
		054D36BE1A5D8A33001DC6FB = {
			isa = PBXGroup;
			children = (
				054D36CA1A5D8A33001DC6FB /* Source */,
				0519E71E1A5EC462003C398F /* UnitTest */,
				054D36C91A5D8A33001DC6FB /* Products */,
			);
			sourceTree = "<group>";
		};
		054D36C91A5D8A33001DC6FB /* Products */ = {
			isa = PBXGroup;
			children = (
				054D36C81A5D8A33001DC6FB /* CoconutGraphics.framework */,
				0519E71D1A5EC462003C398F /* UnitTest */,
			);
			name = Products;
			sourceTree = "<group>";
		};
		054D36CA1A5D8A33001DC6FB /* Source */ = {
			isa = PBXGroup;
			children = (
				054D36CD1A5D8A33001DC6FB /* CoconutGraphics.h */,
				058DA0311A5D8C9B00DBA13B /* CNGraphicsType.h */,
				05EFE03E1A9E2F1F0023513C /* CNGraphicsFunc.h */,
				05702F411A9CBBEE006D47CF /* CNCircle.h */,
				058658041AB1DC9A002400E8 /* CNHexagon.h */,
				058658051AB1DC9A002400E8 /* CNHexagon.m */,
				0534EFA51A9B8A88007BC669 /* CNGraphicsMacro.h */,
				050A67391A60C6AA00752081 /* CNGraphicsUtil.h */,
				050A673A1A60C6AA00752081 /* CNGraphicsUtil.m */,
				058DA02D1A5D8B8F00DBA13B /* CNBitmap.h */,
				058DA02E1A5D8B8F00DBA13B /* CNBitmap.m */,
				0509C5361A611DE6004F43AA /* CNColorTable.h */,
				0509C5371A611DE6004F43AA /* CNColorTable.m */,
				058DA0331A5D8DAB00DBA13B /* CNColorIndexTable.h */,
				058DA0341A5D8DAB00DBA13B /* CNColorIndexTable.m */,
				05A2BA831AB3B7C200E2D0B3 /* CNLineGradient.h */,
				05A2BA841AB3B7C200E2D0B3 /* CNLineGradient.m */,
				05EC8E731AA4C8A1001B86C7 /* CNColorUtil.h */,
				05EC8E741AA4C8A1001B86C7 /* CNColorUtil.m */,
				050A67351A60ABFE00752081 /* CNDebugUtil.h */,
				050A67361A60ABFE00752081 /* CNDebugUtil.m */,
				054D36CB1A5D8A33001DC6FB /* Supporting Files */,
			);
			name = Source;
			path = ../Source;
			sourceTree = SOURCE_ROOT;
		};
		054D36CB1A5D8A33001DC6FB /* Supporting Files */ = {
			isa = PBXGroup;
			children = (
				056ABD081A5EBECB005E9C25 /* install.mk */,
				054D36CC1A5D8A33001DC6FB /* Info.plist */,
			);
			name = "Supporting Files";
			sourceTree = SOURCE_ROOT;
		};
/* End PBXGroup section */

/* Begin PBXHeadersBuildPhase section */
		054D36C51A5D8A33001DC6FB /* Headers */ = {
			isa = PBXHeadersBuildPhase;
			buildActionMask = 2147483647;
			files = (
				05A2BA851AB3B7C200E2D0B3 /* CNLineGradient.h in Headers */,
				058658061AB1DC9A002400E8 /* CNHexagon.h in Headers */,
				05EC8E751AA4C8A1001B86C7 /* CNColorUtil.h in Headers */,
				05EFE03F1A9E2F1F0023513C /* CNGraphicsFunc.h in Headers */,
				05702F421A9CBBEE006D47CF /* CNCircle.h in Headers */,
				0534EFA61A9B8A88007BC669 /* CNGraphicsMacro.h in Headers */,
				0509C5381A611DE6004F43AA /* CNColorTable.h in Headers */,
				050A673B1A60C6AA00752081 /* CNGraphicsUtil.h in Headers */,
				050A67371A60ABFE00752081 /* CNDebugUtil.h in Headers */,
				058DA0351A5D8DAB00DBA13B /* CNColorIndexTable.h in Headers */,
				058DA02F1A5D8B8F00DBA13B /* CNBitmap.h in Headers */,
				058DA0321A5D8C9B00DBA13B /* CNGraphicsType.h in Headers */,
				054D36CE1A5D8A33001DC6FB /* CoconutGraphics.h in Headers */,
			);
			runOnlyForDeploymentPostprocessing = 0;
		};
/* End PBXHeadersBuildPhase section */

/* Begin PBXLegacyTarget section */
		055A572B1A5ECEBD0033A65D /* Check */ = {
			isa = PBXLegacyTarget;
			buildArgumentsString = "-f unit_test.mk";
			buildConfigurationList = 055A572C1A5ECEBD0033A65D /* Build configuration list for PBXLegacyTarget "Check" */;
			buildPhases = (
			);
			buildToolPath = /usr/bin/make;
			buildWorkingDirectory = "";
			dependencies = (
				055A57301A5ECEC60033A65D /* PBXTargetDependency */,
			);
			name = Check;
			passBuildSettingsInEnvironment = 1;
			productName = Check;
		};
		056ABD021A5EBE8E005E9C25 /* Install */ = {
			isa = PBXLegacyTarget;
			buildArgumentsString = "-f install.mk";
			buildConfigurationList = 056ABD051A5EBE8E005E9C25 /* Build configuration list for PBXLegacyTarget "Install" */;
			buildPhases = (
			);
			buildToolPath = /usr/bin/make;
			buildWorkingDirectory = "";
			dependencies = (
				056ABD071A5EBE9B005E9C25 /* PBXTargetDependency */,
			);
			name = Install;
			passBuildSettingsInEnvironment = 1;
			productName = Install;
		};
/* End PBXLegacyTarget section */

/* Begin PBXNativeTarget section */
		0519E71C1A5EC462003C398F /* UnitTest */ = {
			isa = PBXNativeTarget;
			buildConfigurationList = 0519E7231A5EC462003C398F /* Build configuration list for PBXNativeTarget "UnitTest" */;
			buildPhases = (
				0519E7191A5EC462003C398F /* Sources */,
				0519E71A1A5EC462003C398F /* Frameworks */,
				0519E71B1A5EC462003C398F /* CopyFiles */,
			);
			buildRules = (
			);
			dependencies = (
				0519E7251A5EC46C003C398F /* PBXTargetDependency */,
			);
			name = UnitTest;
			productName = UnitTest;
			productReference = 0519E71D1A5EC462003C398F /* UnitTest */;
			productType = "com.apple.product-type.tool";
		};
		054D36C71A5D8A33001DC6FB /* CoconutGraphics */ = {
			isa = PBXNativeTarget;
			buildConfigurationList = 054D36DE1A5D8A33001DC6FB /* Build configuration list for PBXNativeTarget "CoconutGraphics" */;
			buildPhases = (
				054D36C31A5D8A33001DC6FB /* Sources */,
				054D36C41A5D8A33001DC6FB /* Frameworks */,
				054D36C51A5D8A33001DC6FB /* Headers */,
				054D36C61A5D8A33001DC6FB /* Resources */,
			);
			buildRules = (
			);
			dependencies = (
			);
			name = CoconutGraphics;
			productName = CoconutGraphics;
			productReference = 054D36C81A5D8A33001DC6FB /* CoconutGraphics.framework */;
			productType = "com.apple.product-type.framework";
		};
/* End PBXNativeTarget section */

/* Begin PBXProject section */
		054D36BF1A5D8A33001DC6FB /* Project object */ = {
			isa = PBXProject;
			attributes = {
				LastUpgradeCheck = 0610;
				ORGANIZATIONNAME = "Steel Wheels Project";
				TargetAttributes = {
					0519E71C1A5EC462003C398F = {
						CreatedOnToolsVersion = 6.1.1;
					};
					054D36C71A5D8A33001DC6FB = {
						CreatedOnToolsVersion = 6.1.1;
					};
					055A572B1A5ECEBD0033A65D = {
						CreatedOnToolsVersion = 6.1.1;
					};
					056ABD021A5EBE8E005E9C25 = {
						CreatedOnToolsVersion = 6.1.1;
					};
				};
			};
			buildConfigurationList = 054D36C21A5D8A33001DC6FB /* Build configuration list for PBXProject "CoconutGraphics" */;
			compatibilityVersion = "Xcode 3.2";
			developmentRegion = English;
			hasScannedForEncodings = 0;
			knownRegions = (
				en,
			);
			mainGroup = 054D36BE1A5D8A33001DC6FB;
			productRefGroup = 054D36C91A5D8A33001DC6FB /* Products */;
			projectDirPath = "";
			projectRoot = "";
			targets = (
				054D36C71A5D8A33001DC6FB /* CoconutGraphics */,
				056ABD021A5EBE8E005E9C25 /* Install */,
				0519E71C1A5EC462003C398F /* UnitTest */,
				055A572B1A5ECEBD0033A65D /* Check */,
			);
		};
/* End PBXProject section */

/* Begin PBXResourcesBuildPhase section */
		054D36C61A5D8A33001DC6FB /* Resources */ = {
			isa = PBXResourcesBuildPhase;
			buildActionMask = 2147483647;
			files = (
			);
			runOnlyForDeploymentPostprocessing = 0;
		};
/* End PBXResourcesBuildPhase section */

/* Begin PBXSourcesBuildPhase section */
		0519E7191A5EC462003C398F /* Sources */ = {
			isa = PBXSourcesBuildPhase;
			buildActionMask = 2147483647;
			files = (
				055A57391A5EDC150033A65D /* UTBitmap.m in Sources */,
				055A571F1A5EC5310033A65D /* UnitTest.m in Sources */,
				055A57221A5EC95E0033A65D /* UTColorIndexTable.m in Sources */,
			);
			runOnlyForDeploymentPostprocessing = 0;
		};
		054D36C31A5D8A33001DC6FB /* Sources */ = {
			isa = PBXSourcesBuildPhase;
			buildActionMask = 2147483647;
			files = (
				050A67381A60ABFE00752081 /* CNDebugUtil.m in Sources */,
				058658071AB1DC9A002400E8 /* CNHexagon.m in Sources */,
				05A2BA861AB3B7C200E2D0B3 /* CNLineGradient.m in Sources */,
				058DA0301A5D8B8F00DBA13B /* CNBitmap.m in Sources */,
				0509C5391A611DE6004F43AA /* CNColorTable.m in Sources */,
				058DA0361A5D8DAB00DBA13B /* CNColorIndexTable.m in Sources */,
				05EC8E761AA4C8A1001B86C7 /* CNColorUtil.m in Sources */,
				050A673C1A60C6AA00752081 /* CNGraphicsUtil.m in Sources */,
			);
			runOnlyForDeploymentPostprocessing = 0;
		};
/* End PBXSourcesBuildPhase section */

/* Begin PBXTargetDependency section */
		0519E7251A5EC46C003C398F /* PBXTargetDependency */ = {
			isa = PBXTargetDependency;
			target = 056ABD021A5EBE8E005E9C25 /* Install */;
			targetProxy = 0519E7241A5EC46C003C398F /* PBXContainerItemProxy */;
		};
		055A57301A5ECEC60033A65D /* PBXTargetDependency */ = {
			isa = PBXTargetDependency;
			target = 0519E71C1A5EC462003C398F /* UnitTest */;
			targetProxy = 055A572F1A5ECEC60033A65D /* PBXContainerItemProxy */;
		};
		056ABD071A5EBE9B005E9C25 /* PBXTargetDependency */ = {
			isa = PBXTargetDependency;
			target = 054D36C71A5D8A33001DC6FB /* CoconutGraphics */;
			targetProxy = 056ABD061A5EBE9B005E9C25 /* PBXContainerItemProxy */;
		};
/* End PBXTargetDependency section */

/* Begin XCBuildConfiguration section */
		0519E7211A5EC462003C398F /* Debug */ = {
			isa = XCBuildConfiguration;
			buildSettings = {
				FRAMEWORK_SEARCH_PATHS = (
					"$(inherited)",
					"$(USER_LIBRARY_DIR)/Frameworks",
				);
				GCC_PREPROCESSOR_DEFINITIONS = (
					"DEBUG=1",
					"$(inherited)",
				);
				GCC_TREAT_WARNINGS_AS_ERRORS = YES;
				OTHER_CFLAGS = (
					"-W",
					"-Wall",
				);
				PRODUCT_NAME = "$(TARGET_NAME)";
			};
			name = Debug;
		};
		0519E7221A5EC462003C398F /* Release */ = {
			isa = XCBuildConfiguration;
			buildSettings = {
				FRAMEWORK_SEARCH_PATHS = (
					"$(inherited)",
					"$(USER_LIBRARY_DIR)/Frameworks",
				);
				GCC_TREAT_WARNINGS_AS_ERRORS = YES;
				OTHER_CFLAGS = (
					"-W",
					"-Wall",
				);
				PRODUCT_NAME = "$(TARGET_NAME)";
			};
			name = Release;
		};
		054D36DC1A5D8A33001DC6FB /* Debug */ = {
			isa = XCBuildConfiguration;
			buildSettings = {
				ALWAYS_SEARCH_USER_PATHS = NO;
				CLANG_CXX_LANGUAGE_STANDARD = "gnu++0x";
				CLANG_CXX_LIBRARY = "libc++";
				CLANG_ENABLE_MODULES = YES;
				CLANG_ENABLE_OBJC_ARC = YES;
				CLANG_WARN_BOOL_CONVERSION = YES;
				CLANG_WARN_CONSTANT_CONVERSION = YES;
				CLANG_WARN_DIRECT_OBJC_ISA_USAGE = YES_ERROR;
				CLANG_WARN_EMPTY_BODY = YES;
				CLANG_WARN_ENUM_CONVERSION = YES;
				CLANG_WARN_INT_CONVERSION = YES;
				CLANG_WARN_OBJC_ROOT_CLASS = YES_ERROR;
				CLANG_WARN_UNREACHABLE_CODE = YES;
				CLANG_WARN__DUPLICATE_METHOD_MATCH = YES;
				COPY_PHASE_STRIP = NO;
				CURRENT_PROJECT_VERSION = 1;
				ENABLE_STRICT_OBJC_MSGSEND = YES;
				GCC_C_LANGUAGE_STANDARD = gnu99;
				GCC_DYNAMIC_NO_PIC = NO;
				GCC_OPTIMIZATION_LEVEL = 0;
				GCC_PREPROCESSOR_DEFINITIONS = (
					"DEBUG=1",
					"$(inherited)",
				);
				GCC_SYMBOLS_PRIVATE_EXTERN = NO;
				GCC_WARN_64_TO_32_BIT_CONVERSION = YES;
				GCC_WARN_ABOUT_RETURN_TYPE = YES_ERROR;
				GCC_WARN_UNDECLARED_SELECTOR = YES;
				GCC_WARN_UNINITIALIZED_AUTOS = YES_AGGRESSIVE;
				GCC_WARN_UNUSED_FUNCTION = YES;
				GCC_WARN_UNUSED_VARIABLE = YES;
				MACOSX_DEPLOYMENT_TARGET = 10.10;
				MTL_ENABLE_DEBUG_INFO = YES;
				ONLY_ACTIVE_ARCH = YES;
				SDKROOT = macosx;
				VERSIONING_SYSTEM = "apple-generic";
				VERSION_INFO_PREFIX = "";
			};
			name = Debug;
		};
		054D36DD1A5D8A33001DC6FB /* Release */ = {
			isa = XCBuildConfiguration;
			buildSettings = {
				ALWAYS_SEARCH_USER_PATHS = NO;
				CLANG_CXX_LANGUAGE_STANDARD = "gnu++0x";
				CLANG_CXX_LIBRARY = "libc++";
				CLANG_ENABLE_MODULES = YES;
				CLANG_ENABLE_OBJC_ARC = YES;
				CLANG_WARN_BOOL_CONVERSION = YES;
				CLANG_WARN_CONSTANT_CONVERSION = YES;
				CLANG_WARN_DIRECT_OBJC_ISA_USAGE = YES_ERROR;
				CLANG_WARN_EMPTY_BODY = YES;
				CLANG_WARN_ENUM_CONVERSION = YES;
				CLANG_WARN_INT_CONVERSION = YES;
				CLANG_WARN_OBJC_ROOT_CLASS = YES_ERROR;
				CLANG_WARN_UNREACHABLE_CODE = YES;
				CLANG_WARN__DUPLICATE_METHOD_MATCH = YES;
				COPY_PHASE_STRIP = YES;
				CURRENT_PROJECT_VERSION = 1;
				DEBUG_INFORMATION_FORMAT = "dwarf-with-dsym";
				ENABLE_NS_ASSERTIONS = NO;
				ENABLE_STRICT_OBJC_MSGSEND = YES;
				GCC_C_LANGUAGE_STANDARD = gnu99;
				GCC_WARN_64_TO_32_BIT_CONVERSION = YES;
				GCC_WARN_ABOUT_RETURN_TYPE = YES_ERROR;
				GCC_WARN_UNDECLARED_SELECTOR = YES;
				GCC_WARN_UNINITIALIZED_AUTOS = YES_AGGRESSIVE;
				GCC_WARN_UNUSED_FUNCTION = YES;
				GCC_WARN_UNUSED_VARIABLE = YES;
				MACOSX_DEPLOYMENT_TARGET = 10.10;
				MTL_ENABLE_DEBUG_INFO = NO;
				SDKROOT = macosx;
				VERSIONING_SYSTEM = "apple-generic";
				VERSION_INFO_PREFIX = "";
			};
			name = Release;
		};
		054D36DF1A5D8A33001DC6FB /* Debug */ = {
			isa = XCBuildConfiguration;
			buildSettings = {
				COMBINE_HIDPI_IMAGES = YES;
				DEFINES_MODULE = YES;
				DYLIB_COMPATIBILITY_VERSION = 1;
				DYLIB_CURRENT_VERSION = 1;
				DYLIB_INSTALL_NAME_BASE = "@rpath";
				FRAMEWORK_VERSION = A;
				GCC_OPTIMIZATION_LEVEL = 2;
				GCC_TREAT_WARNINGS_AS_ERRORS = YES;
				INFOPLIST_FILE = Info.plist;
				INSTALL_PATH = "$(HOME)/Library/Frameworks";
				LD_RUNPATH_SEARCH_PATHS = "$(inherited) @executable_path/../Frameworks @loader_path/Frameworks";
				OTHER_CFLAGS = (
					"-W",
					"-Wall",
				);
				PRODUCT_NAME = "$(TARGET_NAME)";
				SKIP_INSTALL = NO;
			};
			name = Debug;
		};
		054D36E01A5D8A33001DC6FB /* Release */ = {
			isa = XCBuildConfiguration;
			buildSettings = {
				COMBINE_HIDPI_IMAGES = YES;
				DEFINES_MODULE = YES;
				DYLIB_COMPATIBILITY_VERSION = 1;
				DYLIB_CURRENT_VERSION = 1;
				DYLIB_INSTALL_NAME_BASE = "@rpath";
				FRAMEWORK_VERSION = A;
				GCC_OPTIMIZATION_LEVEL = 2;
				GCC_TREAT_WARNINGS_AS_ERRORS = YES;
				INFOPLIST_FILE = Info.plist;
				INSTALL_PATH = "$(HOME)/Library/Frameworks";
				LD_RUNPATH_SEARCH_PATHS = "$(inherited) @executable_path/../Frameworks @loader_path/Frameworks";
				OTHER_CFLAGS = (
					"-W",
					"-Wall",
				);
				PRODUCT_NAME = "$(TARGET_NAME)";
				SKIP_INSTALL = NO;
			};
			name = Release;
		};
		055A572D1A5ECEBD0033A65D /* Debug */ = {
			isa = XCBuildConfiguration;
			buildSettings = {
				DEBUGGING_SYMBOLS = YES;
				GCC_GENERATE_DEBUGGING_SYMBOLS = YES;
				GCC_OPTIMIZATION_LEVEL = 0;
				GCC_PREPROCESSOR_DEFINITIONS = (
					"DEBUG=1",
					"$(inherited)",
				);
				OTHER_CFLAGS = "";
				OTHER_LDFLAGS = "";
				PRODUCT_NAME = "$(TARGET_NAME)";
			};
			name = Debug;
		};
		055A572E1A5ECEBD0033A65D /* Release */ = {
			isa = XCBuildConfiguration;
			buildSettings = {
				OTHER_CFLAGS = "";
				OTHER_LDFLAGS = "";
				PRODUCT_NAME = "$(TARGET_NAME)";
			};
			name = Release;
		};
		056ABD031A5EBE8E005E9C25 /* Debug */ = {
			isa = XCBuildConfiguration;
			buildSettings = {
				DEBUGGING_SYMBOLS = YES;
				GCC_GENERATE_DEBUGGING_SYMBOLS = YES;
				GCC_OPTIMIZATION_LEVEL = 0;
				GCC_PREPROCESSOR_DEFINITIONS = (
					"DEBUG=1",
					"$(inherited)",
				);
				OTHER_CFLAGS = "";
				OTHER_LDFLAGS = "";
				PRODUCT_NAME = "$(TARGET_NAME)";
			};
			name = Debug;
		};
		056ABD041A5EBE8E005E9C25 /* Release */ = {
			isa = XCBuildConfiguration;
			buildSettings = {
				OTHER_CFLAGS = "";
				OTHER_LDFLAGS = "";
				PRODUCT_NAME = "$(TARGET_NAME)";
			};
			name = Release;
		};
/* End XCBuildConfiguration section */

/* Begin XCConfigurationList section */
		0519E7231A5EC462003C398F /* Build configuration list for PBXNativeTarget "UnitTest" */ = {
			isa = XCConfigurationList;
			buildConfigurations = (
				0519E7211A5EC462003C398F /* Debug */,
				0519E7221A5EC462003C398F /* Release */,
			);
			defaultConfigurationIsVisible = 0;
			defaultConfigurationName = Release;
		};
		054D36C21A5D8A33001DC6FB /* Build configuration list for PBXProject "CoconutGraphics" */ = {
			isa = XCConfigurationList;
			buildConfigurations = (
				054D36DC1A5D8A33001DC6FB /* Debug */,
				054D36DD1A5D8A33001DC6FB /* Release */,
			);
			defaultConfigurationIsVisible = 0;
			defaultConfigurationName = Release;
		};
		054D36DE1A5D8A33001DC6FB /* Build configuration list for PBXNativeTarget "CoconutGraphics" */ = {
			isa = XCConfigurationList;
			buildConfigurations = (
				054D36DF1A5D8A33001DC6FB /* Debug */,
				054D36E01A5D8A33001DC6FB /* Release */,
			);
			defaultConfigurationIsVisible = 0;
			defaultConfigurationName = Release;
		};
		055A572C1A5ECEBD0033A65D /* Build configuration list for PBXLegacyTarget "Check" */ = {
			isa = XCConfigurationList;
			buildConfigurations = (
				055A572D1A5ECEBD0033A65D /* Debug */,
				055A572E1A5ECEBD0033A65D /* Release */,
			);
			defaultConfigurationIsVisible = 0;
			defaultConfigurationName = Release;
		};
		056ABD051A5EBE8E005E9C25 /* Build configuration list for PBXLegacyTarget "Install" */ = {
			isa = XCConfigurationList;
			buildConfigurations = (
				056ABD031A5EBE8E005E9C25 /* Debug */,
				056ABD041A5EBE8E005E9C25 /* Release */,
			);
			defaultConfigurationIsVisible = 0;
			defaultConfigurationName = Release;
		};
/* End XCConfigurationList section */
	};
	rootObject = 054D36BF1A5D8A33001DC6FB /* Project object */;
}
